
Microsoft Visual Studio Solution File, Format Version 12.00
# Visual Studio Version 17
VisualStudioVersion = 17.12.35506.116
MinimumVisualStudioVersion = 10.0.40219.1
Project("{FAE04EC0-301F-11D3-BF4B-00C04F79EFBC}") = "Enum", "Enum\Enum.csproj", "{1B63340E-2C25-439F-9171-4578E6E752FC}"
EndProject
Project("{FAE04EC0-301F-11D3-BF4B-00C04F79EFBC}") = "TypeConvertion", "TypeConvertion\TypeConvertion.csproj", "{29270B18-E5E2-41BA-BCCD-246268484717}"
EndProject
Project("{FAE04EC0-301F-11D3-BF4B-00C04F79EFBC}") = "Practice", "Practice\Practice.csproj", "{726346E2-C723-4A60-B40F-51F234B60128}"
EndProject
Project("{FAE04EC0-301F-11D3-BF4B-00C04F79EFBC}") = "ControleStructure", "ControleStructure\ControleStructure.csproj", "{BCA3AD73-0F73-42BB-B6D1-6150CED7668A}"
EndProject
Project("{FAE04EC0-301F-11D3-BF4B-00C04F79EFBC}") = "ArrayAndString", "ArrayAndString\ArrayAndString.csproj", "{24DDAA1B-F242-452D-93FB-843F93AB927F}"
EndProject
Global
	GlobalSection(SolutionConfigurationPlatforms) = preSolution
		Debug|Any CPU = Debug|Any CPU
		Release|Any CPU = Release|Any CPU
	EndGlobalSection
	GlobalSection(ProjectConfigurationPlatforms) = postSolution
		{1B63340E-2C25-439F-9171-4578E6E752FC}.Debug|Any CPU.ActiveCfg = Debug|Any CPU
		{1B63340E-2C25-439F-9171-4578E6E752FC}.Debug|Any CPU.Build.0 = Debug|Any CPU
		{1B63340E-2C25-439F-9171-4578E6E752FC}.Release|Any CPU.ActiveCfg = Release|Any CPU
		{1B63340E-2C25-439F-9171-4578E6E752FC}.Release|Any CPU.Build.0 = Release|Any CPU
		{29270B18-E5E2-41BA-BCCD-246268484717}.Debug|Any CPU.ActiveCfg = Debug|Any CPU
		{29270B18-E5E2-41BA-BCCD-246268484717}.Debug|Any CPU.Build.0 = Debug|Any CPU
		{29270B18-E5E2-41BA-BCCD-246268484717}.Release|Any CPU.ActiveCfg = Release|Any CPU
		{29270B18-E5E2-41BA-BCCD-246268484717}.Release|Any CPU.Build.0 = Release|Any CPU
		{726346E2-C723-4A60-B40F-51F234B60128}.Debug|Any CPU.ActiveCfg = Debug|Any CPU
		{726346E2-C723-4A60-B40F-51F234B60128}.Debug|Any CPU.Build.0 = Debug|Any CPU
		{726346E2-C723-4A60-B40F-51F234B60128}.Release|Any CPU.ActiveCfg = Release|Any CPU
		{726346E2-C723-4A60-B40F-51F234B60128}.Release|Any CPU.Build.0 = Release|Any CPU
		{BCA3AD73-0F73-42BB-B6D1-6150CED7668A}.Debug|Any CPU.ActiveCfg = Debug|Any CPU
		{BCA3AD73-0F73-42BB-B6D1-6150CED7668A}.Debug|Any CPU.Build.0 = Debug|Any CPU
		{BCA3AD73-0F73-42BB-B6D1-6150CED7668A}.Release|Any CPU.ActiveCfg = Release|Any CPU
		{BCA3AD73-0F73-42BB-B6D1-6150CED7668A}.Release|Any CPU.Build.0 = Release|Any CPU
		{24DDAA1B-F242-452D-93FB-843F93AB927F}.Debug|Any CPU.ActiveCfg = Debug|Any CPU
		{24DDAA1B-F242-452D-93FB-843F93AB927F}.Debug|Any CPU.Build.0 = Debug|Any CPU
		{24DDAA1B-F242-452D-93FB-843F93AB927F}.Release|Any CPU.ActiveCfg = Release|Any CPU
		{24DDAA1B-F242-452D-93FB-843F93AB927F}.Release|Any CPU.Build.0 = Release|Any CPU
	EndGlobalSection
	GlobalSection(SolutionProperties) = preSolution
		HideSolutionNode = FALSE
	EndGlobalSection
EndGlobal
